{
  "version": 4,
  "terraform_version": "1.14.7",
  "serial": 75,
  "lineage": "3dea6c91-97d5-de5e-5f51-61c8d4ee7c73",
  "outputs": {
    "cloudsql_connection_name": {
      "value": "orc-bot-490700:us-east1:orc-bot-db",
      "type": "string"
    },
    "cloudsql_instance_name": {
      "value": "orc-bot-db",
      "type": "string"
    },
    "cloudsql_private_ip": {
      "value": "10.44.0.3",
      "type": "string"
    },
    "db_password_secret_name": {
      "value": "projects/648189541607/secrets/orc-bot-db-password",
      "type": "string"
    },
    "deploy_sa_email": {
      "value": "orc-bot-deploy-sa@orc-bot-490700.iam.gserviceaccount.com",
      "type": "string"
    },
    "discord_app_id_secret_name": {
      "value": "projects/648189541607/secrets/orc-bot-discord-app-id",
      "type": "string"
    },
    "discord_public_key_secret_name": {
      "value": "projects/648189541607/secrets/orc-bot-discord-public-key",
      "type": "string"
    },
    "discord_secret_name": {
      "value": "projects/648189541607/secrets/orc-bot-discord-token",
      "type": "string"
    },
    "iap_ssh_command": {
      "value": "gcloud compute ssh orc-bot-vm --zone=us-east1-b --tunnel-through-iap --project=orc-bot-490700",
      "type": "string"
    },
    "log_bucket_name": {
      "value": "orc-bot-logs",
      "type": "string"
    },
    "service_account_email": {
      "value": "orc-bot-sa@orc-bot-490700.iam.gserviceaccount.com",
      "type": "string"
    },
    "vm_name": {
      "value": "orc-bot-vm",
      "type": "string"
    },
    "vm_zone": {
      "value": "us-east1-b",
      "type": "string"
    },
    "wif_provider_name": {
      "value": "projects/648189541607/locations/global/workloadIdentityPools/orc-bot-github-pool/providers/orc-bot-github-provider",
      "type": "string"
    }
  },
  "resources": [
    {
      "mode": "managed",
      "type": "github_actions_secret",
      "name": "deploy_sa_email",
      "provider": "provider[\"registry.terraform.io/integrations/github\"]",
      "instances": [
        {
          "schema_version": 2,
          "attributes": {
            "created_at": "2026-03-19 09:49:21 +0000 UTC",
            "destroy_on_drift": null,
            "encrypted_value": null,
            "id": "Orc:DEPLOY_SA_EMAIL",
            "key_id": "3380204578043523366",
            "plaintext_value": "orc-bot-deploy-sa@orc-bot-490700.iam.gserviceaccount.com",
            "remote_updated_at": "2026-03-19 09:49:21 +0000 UTC",
            "repository": "Orc",
            "repository_id": 1181237814,
            "secret_name": "DEPLOY_SA_EMAIL",
            "updated_at": "2026-03-19 09:49:21 +0000 UTC"
          },
          "sensitive_attributes": [
            [
              {
                "type": "get_attr",
                "value": "encrypted_value"
              }
            ],
            [
              {
                "type": "get_attr",
                "value": "plaintext_value"
              }
            ]
          ],
          "identity_schema_version": 0,
          "private": "eyJzY2hlbWFfdmVyc2lvbiI6IjIifQ==",
          "dependencies": [
            "google_service_account.deploy_sa"
          ]
        }
      ]
    },
    {
      "mode": "managed",
      "type": "github_actions_secret",
      "name": "gcp_project_id",
      "provider": "provider[\"registry.terraform.io/integrations/github\"]",
      "instances": [
        {
          "schema_version": 2,
          "attributes": {
            "created_at": "2026-03-19 09:49:10 +0000 UTC",
            "destroy_on_drift": null,
            "encrypted_value": null,
            "id": "Orc:GCP_PROJECT_ID",
            "key_id": "3380204578043523366",
            "plaintext_value": "orc-bot-490700",
            "remote_updated_at": "2026-03-19 09:49:10 +0000 UTC",
            "repository": "Orc",
            "repository_id": 1181237814,
            "secret_name": "GCP_PROJECT_ID",
            "updated_at": "2026-03-19 09:49:10 +0000 UTC"
          },
          "sensitive_attributes": [
            [
              {
                "type": "get_attr",
                "value": "encrypted_value"
              }
            ],
            [
              {
                "type": "get_attr",
                "value": "plaintext_value"
              }
            ]
          ],
          "identity_schema_version": 0,
          "private": "eyJzY2hlbWFfdmVyc2lvbiI6IjIifQ=="
        }
      ]
    },
    {
      "mode": "managed",
      "type": "github_actions_secret",
      "name": "vm_name",
      "provider": "provider[\"registry.terraform.io/integrations/github\"]",
      "instances": [
        {
          "schema_version": 2,
          "attributes": {
            "created_at": "2026-03-19 10:03:58 +0000 UTC",
            "destroy_on_drift": null,
            "encrypted_value": null,
            "id": "Orc:VM_NAME",
            "key_id": "3380204578043523366",
            "plaintext_value": "orc-bot-vm",
            "remote_updated_at": "2026-03-19 10:03:58 +0000 UTC",
            "repository": "Orc",
            "repository_id": 1181237814,
            "secret_name": "VM_NAME",
            "updated_at": "2026-03-19 10:03:58 +0000 UTC"
          },
          "sensitive_attributes": [
            [
              {
                "type": "get_attr",
                "value": "encrypted_value"
              }
            ],
            [
              {
                "type": "get_attr",
                "value": "plaintext_value"
              }
            ]
          ],
          "identity_schema_version": 0,
          "private": "eyJzY2hlbWFfdmVyc2lvbiI6IjIifQ==",
          "dependencies": [
            "google_compute_global_address.private_services_range",
            "google_compute_instance.orc_bot_vm",
            "google_compute_network.orc_vpc",
            "google_compute_subnetwork.orc_subnet",
            "google_project_service.apis",
            "google_service_account.orc_bot_sa",
            "google_service_networking_connection.private_vpc_connection",
            "google_sql_database_instance.orc_bot_db"
          ]
        }
      ]
    },
    {
      "mode": "managed",
      "type": "github_actions_secret",
      "name": "vm_zone",
      "provider": "provider[\"registry.terraform.io/integrations/github\"]",
      "instances": [
        {
          "schema_version": 2,
          "attributes": {
            "created_at": "2026-03-19 09:49:09 +0000 UTC",
            "destroy_on_drift": null,
            "encrypted_value": null,
            "id": "Orc:VM_ZONE",
            "key_id": "3380204578043523366",
            "plaintext_value": "us-east1-b",
            "remote_updated_at": "2026-03-19 09:49:09 +0000 UTC",
            "repository": "Orc",
            "repository_id": 1181237814,
            "secret_name": "VM_ZONE",
            "updated_at": "2026-03-19 09:49:09 +0000 UTC"
          },
          "sensitive_attributes": [
            [
              {
                "type": "get_attr",
                "value": "encrypted_value"
              }
            ],
            [
              {
                "type": "get_attr",
                "value": "plaintext_value"
              }
            ]
          ],
          "identity_schema_version": 0,
          "private": "eyJzY2hlbWFfdmVyc2lvbiI6IjIifQ=="
        }
      ]
    },
    {
      "mode": "managed",
      "type": "github_actions_secret",
      "name": "wif_provider",
      "provider": "provider[\"registry.terraform.io/integrations/github\"]",
      "instances": [
        {
          "schema_version": 2,
          "attributes": {
            "created_at": "2026-03-19 09:49:28 +0000 UTC",
            "destroy_on_drift": null,
            "encrypted_value": null,
            "id": "Orc:WIF_PROVIDER",
            "key_id": "3380204578043523366",
            "plaintext_value": "projects/648189541607/locations/global/workloadIdentityPools/orc-bot-github-pool/providers/orc-bot-github-provider",
            "remote_updated_at": "2026-03-19 09:49:28 +0000 UTC",
            "repository": "Orc",
            "repository_id": 1181237814,
            "secret_name": "WIF_PROVIDER",
            "updated_at": "2026-03-19 09:49:28 +0000 UTC"
          },
          "sensitive_attributes": [
            [
              {
                "type": "get_attr",
                "value": "encrypted_value"
              }
            ],
            [
              {
                "type": "get_attr",
                "value": "plaintext_value"
              }
            ]
          ],
          "identity_schema_version": 0,
          "private": "eyJzY2hlbWFfdmVyc2lvbiI6IjIifQ==",
          "dependencies": [
            "google_iam_workload_identity_pool.github",
            "google_iam_workload_identity_pool_provider.github"
          ]
        }
      ]
    },
    {
      "mode": "managed",
      "type": "github_branch_protection",
      "name": "master",
      "provider": "provider[\"registry.terraform.io/integrations/github\"]",
      "instances": [
        {
          "schema_version": 2,
          "attributes": {
            "allows_deletions": false,
            "allows_force_pushes": false,
            "enforce_admins": false,
            "force_push_bypassers": [],
            "id": "BPR_kwDORmhCNs4EbN0d",
            "lock_branch": false,
            "pattern": "master",
            "repository_id": "Orc",
            "require_conversation_resolution": false,
            "require_signed_commits": false,
            "required_linear_history": false,
            "required_pull_request_reviews": [
              {
                "dismiss_stale_reviews": true,
                "dismissal_restrictions": [],
                "pull_request_bypassers": [],
                "require_code_owner_reviews": false,
                "require_last_push_approval": false,
                "required_approving_review_count": 0,
                "restrict_dismissals": false
              }
            ],
            "required_status_checks": [
              {
                "contexts": [
                  "test"
                ],
                "strict": true
              }
            ],
            "restrict_pushes": []
          },
          "sensitive_attributes": [],
          "identity_schema_version": 0,
          "private": "eyJzY2hlbWFfdmVyc2lvbiI6IjIifQ=="
        }
      ]
    },
    {
      "mode": "managed",
      "type": "google_compute_firewall",
      "name": "allow_egress_apis",
      "provider": "provider[\"registry.terraform.io/hashicorp/google\"]",
      "instances": [
        {
          "schema_version": 1,
          "attributes": {
            "allow": [
              {
                "ports": [
                  "443"
                ],
                "protocol": "tcp"
              }
            ],
            "creation_timestamp": "2026-03-18T18:15:19.427-07:00",
            "deny": [],
            "description": "",
            "destination_ranges": [
              "0.0.0.0/0"
            ],
            "direction": "EGRESS",
            "disabled": false,
            "enable_logging": null,
            "id": "projects/orc-bot-490700/global/firewalls/orc-bot-allow-egress-apis",
            "log_config": [],
            "name": "orc-bot-allow-egress-apis",
            "network": "https://www.googleapis.com/compute/v1/projects/orc-bot-490700/global/networks/orc-bot-vpc",
            "priority": 1000,
            "project": "orc-bot-490700",
            "self_link": "https://www.googleapis.com/compute/v1/projects/orc-bot-490700/global/firewalls/orc-bot-allow-egress-apis",
            "source_ranges": [],
            "source_service_accounts": [],
            "source_tags": [],
            "target_service_accounts": [],
            "target_tags": [
              "orc-bot"
            ],
            "timeouts": null
          },
          "sensitive_attributes": [],
          "identity_schema_version": 0,
          "private": "eyJlMmJmYjczMC1lY2FhLTExZTYtOGY4OC0zNDM2M2JjN2M0YzAiOnsiY3JlYXRlIjoxMjAwMDAwMDAwMDAwLCJkZWxldGUiOjEyMDAwMDAwMDAwMDAsInVwZGF0ZSI6MTIwMDAwMDAwMDAwMH0sInNjaGVtYV92ZXJzaW9uIjoiMSJ9",
          "dependencies": [
            "google_compute_network.orc_vpc",
            "google_project_service.apis"
          ]
        }
      ]
    },
    {
      "mode": "managed",
      "type": "google_compute_firewall",
      "name": "allow_egress_cloudsql",
      "provider": "provider[\"registry.terraform.io/hashicorp/google\"]",
      "instances": [
        {
          "schema_version": 1,
          "attributes": {
            "allow": [
              {
                "ports": [
                  "5432"
                ],
                "protocol": "tcp"
              }
            ],
            "creation_timestamp": "2026-03-18T18:15:19.385-07:00",
            "deny": [],
            "description": "",
            "destination_ranges": [
              "10.0.0.0/16"
            ],
            "direction": "EGRESS",
            "disabled": false,
            "enable_logging": null,
            "id": "projects/orc-bot-490700/global/firewalls/orc-bot-allow-egress-cloudsql",
            "log_config": [],
            "name": "orc-bot-allow-egress-cloudsql",
            "network": "https://www.googleapis.com/compute/v1/projects/orc-bot-490700/global/networks/orc-bot-vpc",
            "priority": 1000,
            "project": "orc-bot-490700",
            "self_link": "https://www.googleapis.com/compute/v1/projects/orc-bot-490700/global/firewalls/orc-bot-allow-egress-cloudsql",
            "source_ranges": [],
            "source_service_accounts": [],
            "source_tags": [],
            "target_service_accounts": [],
            "target_tags": [
              "orc-bot"
            ],
            "timeouts": null
          },
          "sensitive_attributes": [],
          "identity_schema_version": 0,
          "private": "eyJlMmJmYjczMC1lY2FhLTExZTYtOGY4OC0zNDM2M2JjN2M0YzAiOnsiY3JlYXRlIjoxMjAwMDAwMDAwMDAwLCJkZWxldGUiOjEyMDAwMDAwMDAwMDAsInVwZGF0ZSI6MTIwMDAwMDAwMDAwMH0sInNjaGVtYV92ZXJzaW9uIjoiMSJ9",
          "dependencies": [
            "google_compute_network.orc_vpc",
            "google_project_service.apis"
          ]
        }
      ]
    },
    {
      "mode": "managed",
      "type": "google_compute_firewall",
      "name": "allow_iap_ssh",
      "provider": "provider[\"registry.terraform.io/hashicorp/google\"]",
      "instances": [
        {
          "schema_version": 1,
          "attributes": {
            "allow": [
              {
                "ports": [
                  "22"
                ],
                "protocol": "tcp"
              }
            ],
            "creation_timestamp": "2026-03-18T18:15:19.396-07:00",
            "deny": [],
            "description": "",
            "destination_ranges": [],
            "direction": "INGRESS",
            "disabled": false,
            "enable_logging": null,
            "id": "projects/orc-bot-490700/global/firewalls/orc-bot-allow-iap-ssh",
            "log_config": [],
            "name": "orc-bot-allow-iap-ssh",
            "network": "https://www.googleapis.com/compute/v1/projects/orc-bot-490700/global/networks/orc-bot-vpc",
            "priority": 1000,
            "project": "orc-bot-490700",
            "self_link": "https://www.googleapis.com/compute/v1/projects/orc-bot-490700/global/firewalls/orc-bot-allow-iap-ssh",
            "source_ranges": [
              "35.235.240.0/20"
            ],
            "source_service_accounts": [],
            "source_tags": [],
            "target_service_accounts": [],
            "target_tags": [
              "orc-bot"
            ],
            "timeouts": null
          },
          "sensitive_attributes": [],
          "identity_schema_version": 0,
          "private": "eyJlMmJmYjczMC1lY2FhLTExZTYtOGY4OC0zNDM2M2JjN2M0YzAiOnsiY3JlYXRlIjoxMjAwMDAwMDAwMDAwLCJkZWxldGUiOjEyMDAwMDAwMDAwMDAsInVwZGF0ZSI6MTIwMDAwMDAwMDAwMH0sInNjaGVtYV92ZXJzaW9uIjoiMSJ9",
          "dependencies": [
            "google_compute_network.orc_vpc",
            "google_project_service.apis"
          ]
        }
      ]
    },
    {
      "mode": "managed",
      "type": "google_compute_firewall",
      "name": "deny_all_ingress",
      "provider": "provider[\"registry.terraform.io/hashicorp/google\"]",
      "instances": [
        {
          "schema_version": 1,
          "attributes": {
            "allow": [],
            "creation_timestamp": "2026-03-18T18:15:19.402-07:00",
            "deny": [
              {
                "ports": [],
                "protocol": "all"
              }
            ],
            "description": "",
            "destination_ranges": [],
            "direction": "INGRESS",
            "disabled": false,
            "enable_logging": null,
            "id": "projects/orc-bot-490700/global/firewalls/orc-bot-deny-all-ingress",
            "log_config": [],
            "name": "orc-bot-deny-all-ingress",
            "network": "https://www.googleapis.com/compute/v1/projects/orc-bot-490700/global/networks/orc-bot-vpc",
            "priority": 65534,
            "project": "orc-bot-490700",
            "self_link": "https://www.googleapis.com/compute/v1/projects/orc-bot-490700/global/firewalls/orc-bot-deny-all-ingress",
            "source_ranges": [
              "0.0.0.0/0"
            ],
            "source_service_accounts": [],
            "source_tags": [],
            "target_service_accounts": [],
            "target_tags": [],
            "timeouts": null
          },
          "sensitive_attributes": [],
          "identity_schema_version": 0,
          "private": "eyJlMmJmYjczMC1lY2FhLTExZTYtOGY4OC0zNDM2M2JjN2M0YzAiOnsiY3JlYXRlIjoxMjAwMDAwMDAwMDAwLCJkZWxldGUiOjEyMDAwMDAwMDAwMDAsInVwZGF0ZSI6MTIwMDAwMDAwMDAwMH0sInNjaGVtYV92ZXJzaW9uIjoiMSJ9",
          "dependencies": [
            "google_compute_network.orc_vpc",
            "google_project_service.apis"
          ]
        }
      ]
    },
    {
      "mode": "managed",
      "type": "google_compute_global_address",
      "name": "private_services_range",
      "provider": "provider[\"registry.terraform.io/hashicorp/google\"]",
      "instances": [
        {
          "schema_version": 0,
          "attributes": {
            "address": "10.44.0.0",
            "address_type": "INTERNAL",
            "creation_timestamp": "2026-03-18T18:15:19.437-07:00",
            "description": "",
            "effective_labels": {},
            "id": "projects/orc-bot-490700/global/addresses/orc-bot-private-services-range",
            "ip_version": "",
            "label_fingerprint": "42WmSpB8rSM=",
            "labels": {},
            "name": "orc-bot-private-services-range",
            "network": "https://www.googleapis.com/compute/v1/projects/orc-bot-490700/global/networks/orc-bot-vpc",
            "prefix_length": 16,
            "project": "orc-bot-490700",
            "purpose": "VPC_PEERING",
            "self_link": "https://www.googleapis.com/compute/v1/projects/orc-bot-490700/global/addresses/orc-bot-private-services-range",
            "terraform_labels": {},
            "timeouts": null
          },
          "sensitive_attributes": [],
          "identity_schema_version": 0,
          "private": "eyJlMmJmYjczMC1lY2FhLTExZTYtOGY4OC0zNDM2M2JjN2M0YzAiOnsiY3JlYXRlIjoxMjAwMDAwMDAwMDAwLCJkZWxldGUiOjEyMDAwMDAwMDAwMDAsInVwZGF0ZSI6MTIwMDAwMDAwMDAwMH19",
          "dependencies": [
            "google_compute_network.orc_vpc",
            "google_project_service.apis"
          ],
          "create_before_destroy": true
        }
      ]
    },
    {
      "mode": "managed",
      "type": "google_compute_instance",
      "name": "orc_bot_vm",
      "provider": "provider[\"registry.terraform.io/hashicorp/google\"]",
      "instances": [
        {
          "schema_version": 6,
          "attributes": {
            "advanced_machine_features": [],
            "allow_stopping_for_update": null,
            "attached_disk": [],
            "boot_disk": [
              {
                "auto_delete": true,
                "device_name": "persistent-disk-0",
                "disk_encryption_key_raw": "",
                "disk_encryption_key_sha256": "",
                "initialize_params": [
                  {
                    "enable_confidential_compute": false,
                    "image": "https://www.googleapis.com/compute/v1/projects/debian-cloud/global/images/debian-13-trixie-v20260310",
                    "labels": {},
                    "provisioned_iops": 0,
                    "provisioned_throughput": 0,
                    "resource_manager_tags": {},
                    "size": 20,
                    "storage_pool": "",
                    "type": "pd-standard"
                  }
                ],
                "kms_key_self_link": "",
                "mode": "READ_WRITE",
                "source": "https://www.googleapis.com/compute/v1/projects/orc-bot-490700/zones/us-east1-b/disks/orc-bot-vm"
              }
            ],
            "can_ip_forward": false,
            "confidential_instance_config": [],
            "cpu_platform": "Intel Broadwell",
            "current_status": "RUNNING",
            "deletion_protection": false,
            "description": "",
            "desired_status": null,
            "effective_labels": {
              "app": "orc-bot",
              "env": "prod"
            },
            "enable_display": false,
            "guest_accelerator": [],
            "hostname": "",
            "id": "projects/orc-bot-490700/zones/us-east1-b/instances/orc-bot-vm",
            "instance_id": "1977955012656423893",
            "label_fingerprint": "iRFlNi4tA50=",
            "labels": {
              "app": "orc-bot",
              "env": "prod"
            },
            "machine_type": "e2-micro",
            "metadata": {
              "db-private-ip": "10.44.0.3",
              "enable-oslogin": "TRUE",
              "startup-script": "#!/bin/bash\n# CHANGE: renamed from kaz-bot to orc-bot throughout\n# Startup script for orc-bot VM.\n# Runs on first boot and on every VM restart.\n# Idempotent — safe to run multiple times.\n\nset -euo pipefail\n# CHANGE: removed logger -t pipe — logger lives in util-linux which isn't installed yet\n# at the point this line executes. Writing directly to the log file is sufficient;\n# systemd's journal captures stdout/stderr from the service unit anyway.\nexec \u003e \u003e(tee /var/log/orc-startup.log) 2\u003e\u00261\n\necho \"=== orc-bot startup: $(date) ===\"  # CHANGE: renamed\n\n# ─────────────────────────────────────────────\n# 1. System updates\n# ─────────────────────────────────────────────\n\napt-get update -qq\napt-get install -y -qq \\\n    ca-certificates \\\n    curl \\\n    gnupg \\\n    lsb-release \\\n    util-linux\n\n# ─────────────────────────────────────────────\n# 2. Install Docker (official repo)\n# ─────────────────────────────────────────────\n\nif ! command -v docker \u0026\u003e/dev/null; then\n    echo \"Installing Docker...\"\n    install -m 0755 -d /etc/apt/keyrings\n    curl -fsSL https://download.docker.com/linux/debian/gpg \\\n        | gpg --dearmor -o /etc/apt/keyrings/docker.gpg\n    chmod a+r /etc/apt/keyrings/docker.gpg\n\n    echo \\\n      \"deb [arch=$(dpkg --print-architecture) signed-by=/etc/apt/keyrings/docker.gpg] \\\n      https://download.docker.com/linux/debian \\\n      $(lsb_release -cs) stable\" \\\n      \u003e /etc/apt/sources.list.d/docker.list\n\n    apt-get update -qq\n    apt-get install -y -qq \\\n        docker-ce \\\n        docker-ce-cli \\\n        containerd.io \\\n        docker-buildx-plugin \\\n        docker-compose-plugin\n\n    systemctl enable docker\n    systemctl start docker\n    echo \"Docker installed.\"\nelse\n    echo \"Docker already installed, skipping.\"\nfi\n\n# ─────────────────────────────────────────────\n# 3. Fetch secrets from Secret Manager\n# ─────────────────────────────────────────────\n# CHANGE: section renamed from \"Fetch Discord token\" to \"Fetch secrets\";\n#         now fetches both Discord token and DB password.\n#         Uses the VM's service account — no credentials file needed.\n\nPROJECT_ID=$(curl -sf \\\n    \"http://metadata.google.internal/computeMetadata/v1/project/project-id\" \\\n    -H \"Metadata-Flavor: Google\")\n\nACCESS_TOKEN=$(curl -sf \\\n    \"http://metadata.google.internal/computeMetadata/v1/instance/service-accounts/default/token\" \\\n    -H \"Metadata-Flavor: Google\" \\\n    | python3 -c \"import sys,json; print(json.load(sys.stdin)['access_token'])\")\n\n# Helper: fetch a secret version by name\nfetch_secret() {\n    local secret_name=\"$1\"\n    curl -sf \\\n        \"https://secretmanager.googleapis.com/v1/projects/${PROJECT_ID}/secrets/${secret_name}/versions/latest:access\" \\\n        -H \"Authorization: Bearer ${ACCESS_TOKEN}\" \\\n        | python3 -c \"import sys,json,base64; print(base64.b64decode(json.load(sys.stdin)['payload']['data']).decode())\"\n}\n\nDISCORD_TOKEN_VALUE=$(fetch_secret \"orc-bot-discord-token\")\nDB_PASSWORD_VALUE=$(fetch_secret \"orc-bot-db-password\")\n# CHANGE: added — fetch Discord public key and application ID from Secret Manager\nDISCORD_PUBLIC_KEY_VALUE=$(fetch_secret \"orc-bot-discord-public-key\")\nDISCORD_APP_ID_VALUE=$(fetch_secret \"orc-bot-discord-app-id\")\n\n# Fetch Cloud SQL private IP from instance metadata attribute written by Terraform.\n# The startup script cannot reference Terraform outputs directly; the private IP is\n# passed in via a custom metadata key set during provisioning.\nDB_PRIVATE_IP=$(curl -sf \\\n    \"http://metadata.google.internal/computeMetadata/v1/instance/attributes/db-private-ip\" \\\n    -H \"Metadata-Flavor: Google\" || echo \"\")\n\n# Write to a root-readable-only env file — not world-readable.\n# CHANGE: added LOG_LEVEL (plain value, not a secret), DISCORD_PUBLIC_KEY, DISCORD_APP_ID\nENV_FILE=\"/etc/orc-bot.env\"\ncat \u003e \"$ENV_FILE\" \u003c\u003cEOF\nLOG_LEVEL=INFO\nDISCORD_API_TOKEN=${DISCORD_TOKEN_VALUE}\nDISCORD_PUBLIC_KEY=${DISCORD_PUBLIC_KEY_VALUE}\nDISCORD_APP_ID=${DISCORD_APP_ID_VALUE}\nDATABASE_URL=postgresql+psycopg2://orc_bot:${DB_PASSWORD_VALUE}@${DB_PRIVATE_IP}:5432/orc_bot\nEOF\nchmod 600 \"$ENV_FILE\"\necho \"Secrets written to $ENV_FILE.\"\n\n# ─────────────────────────────────────────────\n# 4. Install Python 3.13 and system dependencies\n# ─────────────────────────────────────────────\n# Debian 13 (Trixie) ships Python 3.13 in its standard repos — no PPA needed.\n# libpq-dev + gcc are required to build psycopg2 from source via pip.\n\napt-get install -y -qq \\\n    python3 \\\n    python3-venv \\\n    python3-pip \\\n    git \\\n    libpq-dev \\\n    gcc\n\necho \"Python $(python3 --version) installed.\"\n\n# ─────────────────────────────────────────────\n# 5. Provision the bot directory and venv\n# ─────────────────────────────────────────────\n# CHANGE: replaced docker-compose.yml write with venv setup under /opt/orc.\n# The repo itself is deployed here by GitHub Actions on each push to master.\n# On first boot we create the directory and venv; Actions handles git clone/pull.\n\nmkdir -p /opt/orc\nchown -R root:root /opt/orc\nchmod 755 /opt/orc\n\n# Grant the deploy service account passwordless sudo for service restart only.\n# The deploy SA's OS Login username is derived from its email by GCP.\nDEPLOY_SA_USER=\"sa_$(gcloud iam service-accounts describe orc-bot-deploy-sa@${PROJECT_ID}.iam.gserviceaccount.com \\\n    --format='value(uniqueId)' 2\u003e/dev/null || echo 'unknown')\"\nif [ \"$DEPLOY_SA_USER\" != \"sa_unknown\" ]; then\n    echo \"${DEPLOY_SA_USER} ALL=(ALL) NOPASSWD: /bin/systemctl restart orc-bot.service, /bin/systemctl is-active orc-bot.service\" \\\n        \u003e /etc/sudoers.d/orc-bot-deploy\n    chmod 440 /etc/sudoers.d/orc-bot-deploy\n    echo \"Sudoers rule written for ${DEPLOY_SA_USER}.\"\nelse\n    echo \"WARNING: Could not resolve deploy SA unique ID — sudoers rule not written.\"\n    echo \"Run: sudo bash /root/orc-fix-sudoers.sh after deploy SA is provisioned.\"\nfi\n\n# Create the venv if it doesn't exist yet.\nif [ ! -d /opt/orc/.venv ]; then\n    python3 -m venv /opt/orc/.venv\n    echo \"venv created at /opt/orc/.venv\"\nelse\n    echo \"venv already exists, skipping creation.\"\nfi\n\n# ─────────────────────────────────────────────\n# 6. systemd service — direct Python process\n# ─────────────────────────────────────────────\n# CHANGE: replaced Docker Compose systemd unit with a unit that runs\n#         python main.py directly inside the venv. EnvironmentFile loads\n#         /etc/orc-bot.env so secrets are available to the process without\n#         being visible in 'ps' output or the unit file itself.\n\ncat \u003e /etc/systemd/system/orc-bot.service \u003c\u003c'SERVICE'\n[Unit]\nDescription=ORC Discord Bot\nAfter=network-online.target\nWants=network-online.target\n\n[Service]\nType=simple\nWorkingDirectory=/opt/orc\nExecStart=/opt/orc/.venv/bin/python main.py\nEnvironmentFile=/etc/orc-bot.env\nRestart=on-failure\nRestartSec=10\nStandardOutput=journal\nStandardError=journal\nSyslogIdentifier=orc-bot\n\n[Install]\nWantedBy=multi-user.target\nSERVICE\n\nsystemctl daemon-reload\nsystemctl enable orc-bot.service\necho \"orc-bot systemd service registered.\"\n\n# Don't start yet — GitHub Actions will deploy the code and start the service\n# on its first run. The service will fail to start without code in /opt/orc.\necho \"Waiting for first GitHub Actions deploy before starting orc-bot.\"\n\necho \"=== orc-bot startup complete: $(date) ===\"\n"
            },
            "metadata_fingerprint": "Vco3OjqM7TE=",
            "metadata_startup_script": null,
            "min_cpu_platform": "",
            "name": "orc-bot-vm",
            "network_interface": [
              {
                "access_config": [
                  {
                    "nat_ip": "35.229.21.32",
                    "network_tier": "PREMIUM",
                    "public_ptr_domain_name": ""
                  }
                ],
                "alias_ip_range": [],
                "internal_ipv6_prefix_length": 0,
                "ipv6_access_config": [],
                "ipv6_access_type": "",
                "ipv6_address": "",
                "name": "nic0",
                "network": "https://www.googleapis.com/compute/v1/projects/orc-bot-490700/global/networks/orc-bot-vpc",
                "network_ip": "10.10.0.3",
                "nic_type": "",
                "queue_count": 0,
                "stack_type": "IPV4_ONLY",
                "subnetwork": "https://www.googleapis.com/compute/v1/projects/orc-bot-490700/regions/us-east1/subnetworks/orc-bot-subnet",
                "subnetwork_project": "orc-bot-490700"
              }
            ],
            "network_performance_config": [],
            "params": [],
            "project": "orc-bot-490700",
            "reservation_affinity": [],
            "resource_policies": [],
            "scheduling": [
              {
                "automatic_restart": true,
                "instance_termination_action": "",
                "local_ssd_recovery_timeout": [],
                "max_run_duration": [],
                "min_node_cpus": 0,
                "node_affinities": [],
                "on_host_maintenance": "MIGRATE",
                "on_instance_stop_action": [],
                "preemptible": false,
                "provisioning_model": "STANDARD"
              }
            ],
            "scratch_disk": [],
            "self_link": "https://www.googleapis.com/compute/v1/projects/orc-bot-490700/zones/us-east1-b/instances/orc-bot-vm",
            "service_account": [
              {
                "email": "orc-bot-sa@orc-bot-490700.iam.gserviceaccount.com",
                "scopes": [
                  "https://www.googleapis.com/auth/cloud-platform"
                ]
              }
            ],
            "shielded_instance_config": [
              {
                "enable_integrity_monitoring": true,
                "enable_secure_boot": false,
                "enable_vtpm": true
              }
            ],
            "tags": [
              "orc-bot"
            ],
            "tags_fingerprint": "becB4xs3x-k=",
            "terraform_labels": {
              "app": "orc-bot",
              "env": "prod"
            },
            "timeouts": null,
            "zone": "us-east1-b"
          },
          "sensitive_attributes": [
            [
              {
                "type": "get_attr",
                "value": "boot_disk"
              },
              {
                "type": "index",
                "value": {
                  "value": 0,
                  "type": "number"
                }
              },
              {
                "type": "get_attr",
                "value": "disk_encryption_key_raw"
              }
            ]
          ],
          "identity_schema_version": 0,
          "private": "eyJlMmJmYjczMC1lY2FhLTExZTYtOGY4OC0zNDM2M2JjN2M0YzAiOnsiY3JlYXRlIjoxMjAwMDAwMDAwMDAwLCJkZWxldGUiOjEyMDAwMDAwMDAwMDAsInVwZGF0ZSI6MTIwMDAwMDAwMDAwMH0sInNjaGVtYV92ZXJzaW9uIjoiNiJ9",
          "dependencies": [
            "google_compute_global_address.private_services_range",
            "google_compute_network.orc_vpc",
            "google_compute_subnetwork.orc_subnet",
            "google_project_service.apis",
            "google_service_account.orc_bot_sa",
            "google_service_networking_connection.private_vpc_connection",
            "google_sql_database_instance.orc_bot_db"
          ],
          "create_before_destroy": true
        }
      ]
    },
    {
      "mode": "managed",
      "type": "google_compute_network",
      "name": "orc_vpc",
      "provider": "provider[\"registry.terraform.io/hashicorp/google\"]",
      "instances": [
        {
          "schema_version": 0,
          "attributes": {
            "auto_create_subnetworks": false,
            "delete_default_routes_on_create": false,
            "description": "",
            "enable_ula_internal_ipv6": false,
            "gateway_ipv4": "",
            "id": "projects/orc-bot-490700/global/networks/orc-bot-vpc",
            "internal_ipv6_range": "",
            "mtu": 0,
            "name": "orc-bot-vpc",
            "network_firewall_policy_enforcement_order": "AFTER_CLASSIC_FIREWALL",
            "numeric_id": "2920408662899355892",
            "project": "orc-bot-490700",
            "routing_mode": "REGIONAL",
            "self_link": "https://www.googleapis.com/compute/v1/projects/orc-bot-490700/global/networks/orc-bot-vpc",
            "timeouts": null
          },
          "sensitive_attributes": [],
          "identity_schema_version": 0,
          "private": "eyJlMmJmYjczMC1lY2FhLTExZTYtOGY4OC0zNDM2M2JjN2M0YzAiOnsiY3JlYXRlIjoxMjAwMDAwMDAwMDAwLCJkZWxldGUiOjEyMDAwMDAwMDAwMDAsInVwZGF0ZSI6MTIwMDAwMDAwMDAwMH19",
          "dependencies": [
            "google_project_service.apis"
          ],
          "create_before_destroy": true
        }
      ]
    },
    {
      "mode": "managed",
      "type": "google_compute_subnetwork",
      "name": "orc_subnet",
      "provider": "provider[\"registry.terraform.io/hashicorp/google\"]",
      "instances": [
        {
          "schema_version": 0,
          "attributes": {
            "creation_timestamp": "2026-03-18T18:15:19.750-07:00",
            "description": "",
            "external_ipv6_prefix": "",
            "fingerprint": null,
            "gateway_address": "10.10.0.1",
            "id": "projects/orc-bot-490700/regions/us-east1/subnetworks/orc-bot-subnet",
            "internal_ipv6_prefix": "",
            "ip_cidr_range": "10.10.0.0/24",
            "ipv6_access_type": "",
            "ipv6_cidr_range": "",
            "log_config": [],
            "name": "orc-bot-subnet",
            "network": "https://www.googleapis.com/compute/v1/projects/orc-bot-490700/global/networks/orc-bot-vpc",
            "private_ip_google_access": true,
            "private_ipv6_google_access": "DISABLE_GOOGLE_ACCESS",
            "project": "orc-bot-490700",
            "purpose": "PRIVATE",
            "region": "us-east1",
            "role": "",
            "secondary_ip_range": [],
            "self_link": "https://www.googleapis.com/compute/v1/projects/orc-bot-490700/regions/us-east1/subnetworks/orc-bot-subnet",
            "send_secondary_ip_range_if_empty": null,
            "stack_type": "IPV4_ONLY",
            "timeouts": null
          },
          "sensitive_attributes": [],
          "identity_schema_version": 0,
          "private": "eyJlMmJmYjczMC1lY2FhLTExZTYtOGY4OC0zNDM2M2JjN2M0YzAiOnsiY3JlYXRlIjoxMjAwMDAwMDAwMDAwLCJkZWxldGUiOjEyMDAwMDAwMDAwMDAsInVwZGF0ZSI6MTIwMDAwMDAwMDAwMH19",
          "dependencies": [
            "google_compute_network.orc_vpc",
            "google_project_service.apis"
          ],
          "create_before_destroy": true
        }
      ]
    },
    {
      "mode": "managed",
      "type": "google_iam_workload_identity_pool",
      "name": "github",
      "provider": "provider[\"registry.terraform.io/hashicorp/google\"]",
      "instances": [
        {
          "schema_version": 0,
          "attributes": {
            "description": "WIF pool for GitHub Actions deployments",
            "disabled": false,
            "display_name": "ORC Bot GitHub Actions Pool",
            "id": "projects/orc-bot-490700/locations/global/workloadIdentityPools/orc-bot-github-pool",
            "name": "projects/648189541607/locations/global/workloadIdentityPools/orc-bot-github-pool",
            "project": "orc-bot-490700",
            "state": "ACTIVE",
            "timeouts": null,
            "workload_identity_pool_id": "orc-bot-github-pool"
          },
          "sensitive_attributes": [],
          "identity_schema_version": 0,
          "private": "eyJlMmJmYjczMC1lY2FhLTExZTYtOGY4OC0zNDM2M2JjN2M0YzAiOnsiY3JlYXRlIjoxMjAwMDAwMDAwMDAwLCJkZWxldGUiOjEyMDAwMDAwMDAwMDAsInVwZGF0ZSI6MTIwMDAwMDAwMDAwMH19"
        }
      ]
    },
    {
      "mode": "managed",
      "type": "google_iam_workload_identity_pool_provider",
      "name": "github",
      "provider": "provider[\"registry.terraform.io/hashicorp/google\"]",
      "instances": [
        {
          "schema_version": 0,
          "attributes": {
            "attribute_condition": "attribute.repository == \"C-Norton/Orc\"",
            "attribute_mapping": {
              "attribute.actor": "assertion.actor",
              "attribute.repository": "assertion.repository",
              "google.subject": "assertion.sub"
            },
            "aws": [],
            "description": "",
            "disabled": false,
            "display_name": "GitHub Actions OIDC",
            "id": "projects/orc-bot-490700/locations/global/workloadIdentityPools/orc-bot-github-pool/providers/orc-bot-github-provider",
            "name": "projects/648189541607/locations/global/workloadIdentityPools/orc-bot-github-pool/providers/orc-bot-github-provider",
            "oidc": [
              {
                "allowed_audiences": [],
                "issuer_uri": "https://token.actions.githubusercontent.com",
                "jwks_json": ""
              }
            ],
            "project": "orc-bot-490700",
            "saml": [],
            "state": "ACTIVE",
            "timeouts": null,
            "workload_identity_pool_id": "orc-bot-github-pool",
            "workload_identity_pool_provider_id": "orc-bot-github-provider"
          },
          "sensitive_attributes": [],
          "identity_schema_version": 0,
          "private": "eyJlMmJmYjczMC1lY2FhLTExZTYtOGY4OC0zNDM2M2JjN2M0YzAiOnsiY3JlYXRlIjoxMjAwMDAwMDAwMDAwLCJkZWxldGUiOjEyMDAwMDAwMDAwMDAsInVwZGF0ZSI6MTIwMDAwMDAwMDAwMH19",
          "dependencies": [
            "google_iam_workload_identity_pool.github"
          ]
        }
      ]
    },
    {
      "mode": "managed",
      "type": "google_iap_tunnel_instance_iam_member",
      "name": "deploy_sa_iap",
      "provider": "provider[\"registry.terraform.io/hashicorp/google\"]",
      "instances": [
        {
          "schema_version": 0,
          "attributes": {
            "condition": [],
            "etag": "BwZNXa/qdKQ=",
            "id": "projects/orc-bot-490700/iap_tunnel/zones/us-east1-b/instances/orc-bot-vm/roles/iap.tunnelResourceAccessor/serviceAccount:orc-bot-deploy-sa@orc-bot-490700.iam.gserviceaccount.com",
            "instance": "projects/orc-bot-490700/iap_tunnel/zones/us-east1-b/instances/orc-bot-vm",
            "member": "serviceAccount:orc-bot-deploy-sa@orc-bot-490700.iam.gserviceaccount.com",
            "project": "orc-bot-490700",
            "role": "roles/iap.tunnelResourceAccessor",
            "zone": "us-east1-b"
          },
          "sensitive_attributes": [],
          "identity_schema_version": 0,
          "private": "bnVsbA==",
          "dependencies": [
            "google_compute_global_address.private_services_range",
            "google_compute_instance.orc_bot_vm",
            "google_compute_network.orc_vpc",
            "google_compute_subnetwork.orc_subnet",
            "google_project_service.apis",
            "google_service_account.deploy_sa",
            "google_service_account.orc_bot_sa",
            "google_service_networking_connection.private_vpc_connection",
            "google_sql_database_instance.orc_bot_db"
          ]
        }
      ]
    },
    {
      "mode": "managed",
      "type": "google_iap_tunnel_instance_iam_member",
      "name": "ssh_users",
      "provider": "provider[\"registry.terraform.io/hashicorp/google\"]",
      "instances": [
        {
          "index_key": "channing",
          "schema_version": 0,
          "attributes": {
            "condition": [],
            "etag": "BwZNVzT5mVI=",
            "id": "projects/orc-bot-490700/iap_tunnel/zones/us-east1-b/instances/orc-bot-vm/roles/iap.tunnelResourceAccessor/user:channing@gmail.com",
            "instance": "projects/orc-bot-490700/iap_tunnel/zones/us-east1-b/instances/orc-bot-vm",
            "member": "user:channing@gmail.com",
            "project": "orc-bot-490700",
            "role": "roles/iap.tunnelResourceAccessor",
            "zone": "us-east1-b"
          },
          "sensitive_attributes": [],
          "identity_schema_version": 0,
          "private": "bnVsbA==",
          "dependencies": [
            "google_compute_global_address.private_services_range",
            "google_compute_instance.orc_bot_vm",
            "google_compute_network.orc_vpc",
            "google_compute_subnetwork.orc_subnet",
            "google_project_service.apis",
            "google_service_account.orc_bot_sa",
            "google_service_networking_connection.private_vpc_connection",
            "google_sql_database_instance.orc_bot_db"
          ]
        },
        {
          "index_key": "cnorton9",
          "schema_version": 0,
          "attributes": {
            "condition": [],
            "etag": "BwZNVzT5mVI=",
            "id": "projects/orc-bot-490700/iap_tunnel/zones/us-east1-b/instances/orc-bot-vm/roles/iap.tunnelResourceAccessor/user:channing.hc@gmail.com",
            "instance": "projects/orc-bot-490700/iap_tunnel/zones/us-east1-b/instances/orc-bot-vm",
            "member": "user:cnorton9@gmail.com",
            "project": "orc-bot-490700",
            "role": "roles/iap.tunnelResourceAccessor",
            "zone": "us-east1-b"
          },
          "sensitive_attributes": [],
          "identity_schema_version": 0,
          "private": "bnVsbA==",
          "dependencies": [
            "google_compute_global_address.private_services_range",
            "google_compute_instance.orc_bot_vm",
            "google_compute_network.orc_vpc",
            "google_compute_subnetwork.orc_subnet",
            "google_project_service.apis",
            "google_service_account.orc_bot_sa",
            "google_service_networking_connection.private_vpc_connection",
            "google_sql_database_instance.orc_bot_db"
          ]
        }
      ]
    },
    {
      "mode": "managed",
      "type": "google_logging_project_bucket_config",
      "name": "orc_bot_logs",
      "provider": "provider[\"registry.terraform.io/hashicorp/google\"]",
      "instances": [
        {
          "schema_version": 0,
          "attributes": {
            "bucket_id": "orc-bot-logs",
            "cmek_settings": [],
            "description": "ORC bot application and database logs — 60-day retention",
            "enable_analytics": false,
            "id": "projects/orc-bot-490700/locations/global/buckets/orc-bot-logs",
            "index_configs": [],
            "lifecycle_state": "ACTIVE",
            "location": "global",
            "locked": false,
            "name": "projects/orc-bot-490700/locations/global/buckets/orc-bot-logs",
            "project": "orc-bot-490700",
            "retention_days": 60
          },
          "sensitive_attributes": [],
          "identity_schema_version": 0,
          "private": "bnVsbA=="
        }
      ]
    },
    {
      "mode": "managed",
      "type": "google_logging_project_sink",
      "name": "orc_bot_sink",
      "provider": "provider[\"registry.terraform.io/hashicorp/google\"]",
      "instances": [
        {
          "schema_version": 0,
          "attributes": {
            "bigquery_options": [],
            "custom_writer_identity": null,
            "description": "",
            "destination": "logging.googleapis.com/projects/orc-bot-490700/locations/global/buckets/orc-bot-logs",
            "disabled": false,
            "exclusions": [],
            "filter": "resource.labels.instance_id=\"1977955012656423893\"\nOR resource.type=\"cloudsql_database\"\nAND resource.labels.database_id=\"orc-bot-490700:orc-bot-db\"",
            "id": "projects/orc-bot-490700/sinks/orc-bot-log-sink",
            "name": "orc-bot-log-sink",
            "project": "orc-bot-490700",
            "unique_writer_identity": true,
            "writer_identity": ""
          },
          "sensitive_attributes": [],
          "identity_schema_version": 0,
          "private": "bnVsbA==",
          "dependencies": [
            "google_compute_global_address.private_services_range",
            "google_compute_instance.orc_bot_vm",
            "google_compute_network.orc_vpc",
            "google_compute_subnetwork.orc_subnet",
            "google_project_service.apis",
            "google_service_account.orc_bot_sa",
            "google_service_networking_connection.private_vpc_connection",
            "google_sql_database_instance.orc_bot_db"
          ]
        }
      ]
    },
    {
      "mode": "managed",
      "type": "google_project_iam_member",
      "name": "cloudsql_client",
      "provider": "provider[\"registry.terraform.io/hashicorp/google\"]",
      "instances": [
        {
          "schema_version": 0,
          "attributes": {
            "condition": [],
            "etag": "BwZNXXu8yZY=",
            "id": "orc-bot-490700/roles/cloudsql.client/serviceAccount:orc-bot-sa@orc-bot-490700.iam.gserviceaccount.com",
            "member": "serviceAccount:orc-bot-sa@orc-bot-490700.iam.gserviceaccount.com",
            "project": "orc-bot-490700",
            "role": "roles/cloudsql.client"
          },
          "sensitive_attributes": [],
          "identity_schema_version": 0,
          "private": "bnVsbA==",
          "dependencies": [
            "google_service_account.orc_bot_sa"
          ]
        }
      ]
    },
    {
      "mode": "managed",
      "type": "google_project_iam_member",
      "name": "deploy_sa_compute_viewer",
      "provider": "provider[\"registry.terraform.io/hashicorp/google\"]",
      "instances": [
        {
          "schema_version": 0,
          "attributes": {
            "condition": [],
            "etag": "BwZNXXu8yZY=",
            "id": "orc-bot-490700/roles/compute.viewer/serviceAccount:orc-bot-deploy-sa@orc-bot-490700.iam.gserviceaccount.com",
            "member": "serviceAccount:orc-bot-deploy-sa@orc-bot-490700.iam.gserviceaccount.com",
            "project": "orc-bot-490700",
            "role": "roles/compute.viewer"
          },
          "sensitive_attributes": [],
          "identity_schema_version": 0,
          "private": "bnVsbA==",
          "dependencies": [
            "google_service_account.deploy_sa"
          ]
        }
      ]
    },
    {
      "mode": "managed",
      "type": "google_project_iam_member",
      "name": "deploy_sa_oslogin",
      "provider": "provider[\"registry.terraform.io/hashicorp/google\"]",
      "instances": [
        {
          "schema_version": 0,
          "attributes": {
            "condition": [],
            "etag": "BwZNXXu8yZY=",
            "id": "orc-bot-490700/roles/compute.osLogin/serviceAccount:orc-bot-deploy-sa@orc-bot-490700.iam.gserviceaccount.com",
            "member": "serviceAccount:orc-bot-deploy-sa@orc-bot-490700.iam.gserviceaccount.com",
            "project": "orc-bot-490700",
            "role": "roles/compute.osLogin"
          },
          "sensitive_attributes": [],
          "identity_schema_version": 0,
          "private": "bnVsbA==",
          "dependencies": [
            "google_service_account.deploy_sa"
          ]
        }
      ]
    },
    {
      "mode": "managed",
      "type": "google_project_iam_member",
      "name": "log_writer",
      "provider": "provider[\"registry.terraform.io/hashicorp/google\"]",
      "instances": [
        {
          "schema_version": 0,
          "attributes": {
            "condition": [],
            "etag": "BwZNXXu8yZY=",
            "id": "orc-bot-490700/roles/logging.logWriter/serviceAccount:orc-bot-sa@orc-bot-490700.iam.gserviceaccount.com",
            "member": "serviceAccount:orc-bot-sa@orc-bot-490700.iam.gserviceaccount.com",
            "project": "orc-bot-490700",
            "role": "roles/logging.logWriter"
          },
          "sensitive_attributes": [],
          "identity_schema_version": 0,
          "private": "bnVsbA==",
          "dependencies": [
            "google_service_account.orc_bot_sa"
          ]
        }
      ]
    },
    {
      "mode": "managed",
      "type": "google_project_iam_member",
      "name": "secret_accessor",
      "provider": "provider[\"registry.terraform.io/hashicorp/google\"]",
      "instances": [
        {
          "schema_version": 0,
          "attributes": {
            "condition": [],
            "etag": "BwZNXXu8yZY=",
            "id": "orc-bot-490700/roles/secretmanager.secretAccessor/serviceAccount:orc-bot-sa@orc-bot-490700.iam.gserviceaccount.com",
            "member": "serviceAccount:orc-bot-sa@orc-bot-490700.iam.gserviceaccount.com",
            "project": "orc-bot-490700",
            "role": "roles/secretmanager.secretAccessor"
          },
          "sensitive_attributes": [],
          "identity_schema_version": 0,
          "private": "bnVsbA==",
          "dependencies": [
            "google_service_account.orc_bot_sa"
          ]
        }
      ]
    },
    {
      "mode": "managed",
      "type": "google_project_service",
      "name": "apis",
      "provider": "provider[\"registry.terraform.io/hashicorp/google\"]",
      "instances": [
        {
          "index_key": "compute.googleapis.com",
          "schema_version": 0,
          "attributes": {
            "disable_dependent_services": null,
            "disable_on_destroy": false,
            "id": "orc-bot-490700/compute.googleapis.com",
            "project": "orc-bot-490700",
            "service": "compute.googleapis.com",
            "timeouts": null
          },
          "sensitive_attributes": [],
          "identity_schema_version": 0,
          "private": "eyJlMmJmYjczMC1lY2FhLTExZTYtOGY4OC0zNDM2M2JjN2M0YzAiOnsiY3JlYXRlIjoxMjAwMDAwMDAwMDAwLCJkZWxldGUiOjEyMDAwMDAwMDAwMDAsInJlYWQiOjYwMDAwMDAwMDAwMCwidXBkYXRlIjoxMjAwMDAwMDAwMDAwfX0=",
          "create_before_destroy": true
        },
        {
          "index_key": "iamcredentials.googleapis.com",
          "schema_version": 0,
          "attributes": {
            "disable_dependent_services": null,
            "disable_on_destroy": false,
            "id": "orc-bot-490700/iamcredentials.googleapis.com",
            "project": "orc-bot-490700",
            "service": "iamcredentials.googleapis.com",
            "timeouts": null
          },
          "sensitive_attributes": [],
          "identity_schema_version": 0,
          "private": "eyJlMmJmYjczMC1lY2FhLTExZTYtOGY4OC0zNDM2M2JjN2M0YzAiOnsiY3JlYXRlIjoxMjAwMDAwMDAwMDAwLCJkZWxldGUiOjEyMDAwMDAwMDAwMDAsInJlYWQiOjYwMDAwMDAwMDAwMCwidXBkYXRlIjoxMjAwMDAwMDAwMDAwfX0=",
          "create_before_destroy": true
        },
        {
          "index_key": "iap.googleapis.com",
          "schema_version": 0,
          "attributes": {
            "disable_dependent_services": null,
            "disable_on_destroy": false,
            "id": "orc-bot-490700/iap.googleapis.com",
            "project": "orc-bot-490700",
            "service": "iap.googleapis.com",
            "timeouts": null
          },
          "sensitive_attributes": [],
          "identity_schema_version": 0,
          "private": "eyJlMmJmYjczMC1lY2FhLTExZTYtOGY4OC0zNDM2M2JjN2M0YzAiOnsiY3JlYXRlIjoxMjAwMDAwMDAwMDAwLCJkZWxldGUiOjEyMDAwMDAwMDAwMDAsInJlYWQiOjYwMDAwMDAwMDAwMCwidXBkYXRlIjoxMjAwMDAwMDAwMDAwfX0=",
          "create_before_destroy": true
        },
        {
          "index_key": "oslogin.googleapis.com",
          "schema_version": 0,
          "attributes": {
            "disable_dependent_services": null,
            "disable_on_destroy": false,
            "id": "orc-bot-490700/oslogin.googleapis.com",
            "project": "orc-bot-490700",
            "service": "oslogin.googleapis.com",
            "timeouts": null
          },
          "sensitive_attributes": [],
          "identity_schema_version": 0,
          "private": "eyJlMmJmYjczMC1lY2FhLTExZTYtOGY4OC0zNDM2M2JjN2M0YzAiOnsiY3JlYXRlIjoxMjAwMDAwMDAwMDAwLCJkZWxldGUiOjEyMDAwMDAwMDAwMDAsInJlYWQiOjYwMDAwMDAwMDAwMCwidXBkYXRlIjoxMjAwMDAwMDAwMDAwfX0=",
          "create_before_destroy": true
        },
        {
          "index_key": "secretmanager.googleapis.com",
          "schema_version": 0,
          "attributes": {
            "disable_dependent_services": null,
            "disable_on_destroy": false,
            "id": "orc-bot-490700/secretmanager.googleapis.com",
            "project": "orc-bot-490700",
            "service": "secretmanager.googleapis.com",
            "timeouts": null
          },
          "sensitive_attributes": [],
          "identity_schema_version": 0,
          "private": "eyJlMmJmYjczMC1lY2FhLTExZTYtOGY4OC0zNDM2M2JjN2M0YzAiOnsiY3JlYXRlIjoxMjAwMDAwMDAwMDAwLCJkZWxldGUiOjEyMDAwMDAwMDAwMDAsInJlYWQiOjYwMDAwMDAwMDAwMCwidXBkYXRlIjoxMjAwMDAwMDAwMDAwfX0=",
          "create_before_destroy": true
        },
        {
          "index_key": "servicenetworking.googleapis.com",
          "schema_version": 0,
          "attributes": {
            "disable_dependent_services": null,
            "disable_on_destroy": false,
            "id": "orc-bot-490700/servicenetworking.googleapis.com",
            "project": "orc-bot-490700",
            "service": "servicenetworking.googleapis.com",
            "timeouts": null
          },
          "sensitive_attributes": [],
          "identity_schema_version": 0,
          "private": "eyJlMmJmYjczMC1lY2FhLTExZTYtOGY4OC0zNDM2M2JjN2M0YzAiOnsiY3JlYXRlIjoxMjAwMDAwMDAwMDAwLCJkZWxldGUiOjEyMDAwMDAwMDAwMDAsInJlYWQiOjYwMDAwMDAwMDAwMCwidXBkYXRlIjoxMjAwMDAwMDAwMDAwfX0=",
          "create_before_destroy": true
        },
        {
          "index_key": "sqladmin.googleapis.com",
          "schema_version": 0,
          "attributes": {
            "disable_dependent_services": null,
            "disable_on_destroy": false,
            "id": "orc-bot-490700/sqladmin.googleapis.com",
            "project": "orc-bot-490700",
            "service": "sqladmin.googleapis.com",
            "timeouts": null
          },
          "sensitive_attributes": [],
          "identity_schema_version": 0,
          "private": "eyJlMmJmYjczMC1lY2FhLTExZTYtOGY4OC0zNDM2M2JjN2M0YzAiOnsiY3JlYXRlIjoxMjAwMDAwMDAwMDAwLCJkZWxldGUiOjEyMDAwMDAwMDAwMDAsInJlYWQiOjYwMDAwMDAwMDAwMCwidXBkYXRlIjoxMjAwMDAwMDAwMDAwfX0=",
          "create_before_destroy": true
        }
      ]
    },
    {
      "mode": "managed",
      "type": "google_project_service",
      "name": "iam_credentials",
      "provider": "provider[\"registry.terraform.io/hashicorp/google\"]",
      "instances": [
        {
          "schema_version": 0,
          "attributes": {
            "disable_dependent_services": null,
            "disable_on_destroy": false,
            "id": "orc-bot-490700/iamcredentials.googleapis.com",
            "project": "orc-bot-490700",
            "service": "iamcredentials.googleapis.com",
            "timeouts": null
          },
          "sensitive_attributes": [],
          "identity_schema_version": 0,
          "private": "eyJlMmJmYjczMC1lY2FhLTExZTYtOGY4OC0zNDM2M2JjN2M0YzAiOnsiY3JlYXRlIjoxMjAwMDAwMDAwMDAwLCJkZWxldGUiOjEyMDAwMDAwMDAwMDAsInJlYWQiOjYwMDAwMDAwMDAwMCwidXBkYXRlIjoxMjAwMDAwMDAwMDAwfX0="
        }
      ]
    },
    {
      "mode": "managed",
      "type": "google_secret_manager_secret",
      "name": "db_password",
      "provider": "provider[\"registry.terraform.io/hashicorp/google\"]",
      "instances": [
        {
          "schema_version": 0,
          "attributes": {
            "annotations": {},
            "create_time": "2026-03-19T01:15:07.896381Z",
            "effective_annotations": {},
            "effective_labels": {
              "app": "orc-bot"
            },
            "expire_time": "",
            "id": "projects/orc-bot-490700/secrets/orc-bot-db-password",
            "labels": {
              "app": "orc-bot"
            },
            "name": "projects/648189541607/secrets/orc-bot-db-password",
            "project": "orc-bot-490700",
            "replication": [
              {
                "auto": [
                  {
                    "customer_managed_encryption": []
                  }
                ],
                "user_managed": []
              }
            ],
            "rotation": [],
            "secret_id": "orc-bot-db-password",
            "terraform_labels": {
              "app": "orc-bot"
            },
            "timeouts": null,
            "topics": [],
            "ttl": null,
            "version_aliases": {},
            "version_destroy_ttl": ""
          },
          "sensitive_attributes": [],
          "identity_schema_version": 0,
          "private": "eyJlMmJmYjczMC1lY2FhLTExZTYtOGY4OC0zNDM2M2JjN2M0YzAiOnsiY3JlYXRlIjoxMjAwMDAwMDAwMDAwLCJkZWxldGUiOjEyMDAwMDAwMDAwMDAsInVwZGF0ZSI6MTIwMDAwMDAwMDAwMH19",
          "dependencies": [
            "google_project_service.apis"
          ]
        }
      ]
    },
    {
      "mode": "managed",
      "type": "google_secret_manager_secret",
      "name": "discord_app_id",
      "provider": "provider[\"registry.terraform.io/hashicorp/google\"]",
      "instances": [
        {
          "schema_version": 0,
          "attributes": {
            "annotations": {},
            "create_time": "2026-03-19T01:15:07.859928Z",
            "effective_annotations": {},
            "effective_labels": {
              "app": "orc-bot"
            },
            "expire_time": "",
            "id": "projects/orc-bot-490700/secrets/orc-bot-discord-app-id",
            "labels": {
              "app": "orc-bot"
            },
            "name": "projects/648189541607/secrets/orc-bot-discord-app-id",
            "project": "orc-bot-490700",
            "replication": [
              {
                "auto": [
                  {
                    "customer_managed_encryption": []
                  }
                ],
                "user_managed": []
              }
            ],
            "rotation": [],
            "secret_id": "orc-bot-discord-app-id",
            "terraform_labels": {
              "app": "orc-bot"
            },
            "timeouts": null,
            "topics": [],
            "ttl": null,
            "version_aliases": {},
            "version_destroy_ttl": ""
          },
          "sensitive_attributes": [],
          "identity_schema_version": 0,
          "private": "eyJlMmJmYjczMC1lY2FhLTExZTYtOGY4OC0zNDM2M2JjN2M0YzAiOnsiY3JlYXRlIjoxMjAwMDAwMDAwMDAwLCJkZWxldGUiOjEyMDAwMDAwMDAwMDAsInVwZGF0ZSI6MTIwMDAwMDAwMDAwMH19",
          "dependencies": [
            "google_project_service.apis"
          ]
        }
      ]
    },
    {
      "mode": "managed",
      "type": "google_secret_manager_secret",
      "name": "discord_public_key",
      "provider": "provider[\"registry.terraform.io/hashicorp/google\"]",
      "instances": [
        {
          "schema_version": 0,
          "attributes": {
            "annotations": {},
            "create_time": "2026-03-19T01:15:07.837670Z",
            "effective_annotations": {},
            "effective_labels": {
              "app": "orc-bot"
            },
            "expire_time": "",
            "id": "projects/orc-bot-490700/secrets/orc-bot-discord-public-key",
            "labels": {
              "app": "orc-bot"
            },
            "name": "projects/648189541607/secrets/orc-bot-discord-public-key",
            "project": "orc-bot-490700",
            "replication": [
              {
                "auto": [
                  {
                    "customer_managed_encryption": []
                  }
                ],
                "user_managed": []
              }
            ],
            "rotation": [],
            "secret_id": "orc-bot-discord-public-key",
            "terraform_labels": {
              "app": "orc-bot"
            },
            "timeouts": null,
            "topics": [],
            "ttl": null,
            "version_aliases": {},
            "version_destroy_ttl": ""
          },
          "sensitive_attributes": [],
          "identity_schema_version": 0,
          "private": "eyJlMmJmYjczMC1lY2FhLTExZTYtOGY4OC0zNDM2M2JjN2M0YzAiOnsiY3JlYXRlIjoxMjAwMDAwMDAwMDAwLCJkZWxldGUiOjEyMDAwMDAwMDAwMDAsInVwZGF0ZSI6MTIwMDAwMDAwMDAwMH19",
          "dependencies": [
            "google_project_service.apis"
          ]
        }
      ]
    },
    {
      "mode": "managed",
      "type": "google_secret_manager_secret",
      "name": "discord_token",
      "provider": "provider[\"registry.terraform.io/hashicorp/google\"]",
      "instances": [
        {
          "schema_version": 0,
          "attributes": {
            "annotations": {},
            "create_time": "2026-03-19T01:15:07.958258Z",
            "effective_annotations": {},
            "effective_labels": {
              "app": "orc-bot"
            },
            "expire_time": "",
            "id": "projects/orc-bot-490700/secrets/orc-bot-discord-token",
            "labels": {
              "app": "orc-bot"
            },
            "name": "projects/648189541607/secrets/orc-bot-discord-token",
            "project": "orc-bot-490700",
            "replication": [
              {
                "auto": [
                  {
                    "customer_managed_encryption": []
                  }
                ],
                "user_managed": []
              }
            ],
            "rotation": [],
            "secret_id": "orc-bot-discord-token",
            "terraform_labels": {
              "app": "orc-bot"
            },
            "timeouts": null,
            "topics": [],
            "ttl": null,
            "version_aliases": {},
            "version_destroy_ttl": ""
          },
          "sensitive_attributes": [],
          "identity_schema_version": 0,
          "private": "eyJlMmJmYjczMC1lY2FhLTExZTYtOGY4OC0zNDM2M2JjN2M0YzAiOnsiY3JlYXRlIjoxMjAwMDAwMDAwMDAwLCJkZWxldGUiOjEyMDAwMDAwMDAwMDAsInVwZGF0ZSI6MTIwMDAwMDAwMDAwMH19",
          "dependencies": [
            "google_project_service.apis"
          ]
        }
      ]
    },
    {
      "mode": "managed",
      "type": "google_secret_manager_secret_version",
      "name": "db_password",
      "provider": "provider[\"registry.terraform.io/hashicorp/google\"]",
      "instances": [
        {
          "schema_version": 0,
          "attributes": {
            "create_time": "2026-03-19T01:15:08.797008Z",
            "deletion_policy": "DELETE",
            "destroy_time": "",
            "enabled": true,
            "id": "projects/648189541607/secrets/orc-bot-db-password/versions/1",
            "is_secret_data_base64": false,
            "name": "projects/648189541607/secrets/orc-bot-db-password/versions/1",
            "secret": "projects/orc-bot-490700/secrets/orc-bot-db-password",
            "secret_data": "ZhY}h\u00262GS65uZEiu?[?Zt(1re_\u003eElPGc",
            "timeouts": null,
            "version": "1"
          },
          "sensitive_attributes": [
            [
              {
                "type": "get_attr",
                "value": "secret_data"
              }
            ]
          ],
          "identity_schema_version": 0,
          "private": "eyJlMmJmYjczMC1lY2FhLTExZTYtOGY4OC0zNDM2M2JjN2M0YzAiOnsiY3JlYXRlIjoxMjAwMDAwMDAwMDAwLCJkZWxldGUiOjEyMDAwMDAwMDAwMDAsInVwZGF0ZSI6MTIwMDAwMDAwMDAwMH19",
          "dependencies": [
            "google_project_service.apis",
            "google_secret_manager_secret.db_password",
            "random_password.db_password"
          ]
        }
      ]
    },
    {
      "mode": "managed",
      "type": "google_secret_manager_secret_version",
      "name": "discord_app_id",
      "provider": "provider[\"registry.terraform.io/hashicorp/google\"]",
      "instances": [
        {
          "schema_version": 0,
          "attributes": {
            "create_time": "2026-03-19T01:15:08.960448Z",
            "deletion_policy": "DELETE",
            "destroy_time": "",
            "enabled": true,
            "id": "projects/648189541607/secrets/orc-bot-discord-app-id/versions/1",
            "is_secret_data_base64": false,
            "name": "projects/648189541607/secrets/orc-bot-discord-app-id/versions/1",
            "secret": "projects/orc-bot-490700/secrets/orc-bot-discord-app-id",
            "secret_data": "1482118794599071856",
            "timeouts": null,
            "version": "1"
          },
          "sensitive_attributes": [
            [
              {
                "type": "get_attr",
                "value": "secret_data"
              }
            ]
          ],
          "identity_schema_version": 0,
          "private": "eyJlMmJmYjczMC1lY2FhLTExZTYtOGY4OC0zNDM2M2JjN2M0YzAiOnsiY3JlYXRlIjoxMjAwMDAwMDAwMDAwLCJkZWxldGUiOjEyMDAwMDAwMDAwMDAsInVwZGF0ZSI6MTIwMDAwMDAwMDAwMH19",
          "dependencies": [
            "google_project_service.apis",
            "google_secret_manager_secret.discord_app_id"
          ]
        }
      ]
    },
    {
      "mode": "managed",
      "type": "google_secret_manager_secret_version",
      "name": "discord_public_key",
      "provider": "provider[\"registry.terraform.io/hashicorp/google\"]",
      "instances": [
        {
          "schema_version": 0,
          "attributes": {
            "create_time": "2026-03-19T01:15:08.717789Z",
            "deletion_policy": "DELETE",
            "destroy_time": "",
            "enabled": true,
            "id": "projects/648189541607/secrets/orc-bot-discord-public-key/versions/1",
            "is_secret_data_base64": false,
            "name": "projects/648189541607/secrets/orc-bot-discord-public-key/versions/1",
            "secret": "projects/orc-bot-490700/secrets/orc-bot-discord-public-key",
            "secret_data": "258c5deb8e98f036681c9252f25bcb8241757a091127f2ed9f420dab35490774",
            "timeouts": null,
            "version": "1"
          },
          "sensitive_attributes": [
            [
              {
                "type": "get_attr",
                "value": "secret_data"
              }
            ]
          ],
          "identity_schema_version": 0,
          "private": "eyJlMmJmYjczMC1lY2FhLTExZTYtOGY4OC0zNDM2M2JjN2M0YzAiOnsiY3JlYXRlIjoxMjAwMDAwMDAwMDAwLCJkZWxldGUiOjEyMDAwMDAwMDAwMDAsInVwZGF0ZSI6MTIwMDAwMDAwMDAwMH19",
          "dependencies": [
            "google_project_service.apis",
            "google_secret_manager_secret.discord_public_key"
          ]
        }
      ]
    },
    {
      "mode": "managed",
      "type": "google_secret_manager_secret_version",
      "name": "discord_token",
      "provider": "provider[\"registry.terraform.io/hashicorp/google\"]",
      "instances": [
        {
          "schema_version": 0,
          "attributes": {
            "create_time": "2026-03-19T01:15:09.177316Z",
            "deletion_policy": "DELETE",
            "destroy_time": "",
            "enabled": true,
            "id": "projects/648189541607/secrets/orc-bot-discord-token/versions/1",
            "is_secret_data_base64": false,
            "name": "projects/648189541607/secrets/orc-bot-discord-token/versions/1",
            "secret": "projects/orc-bot-490700/secrets/orc-bot-discord-token",
            "secret_data": "TQ4MjExODc5NDU5OTA3MTg1Ng.GkwTLP.pqUtQ-g-X0cNKZDHMkxG5mJ6PaUVOZpaeFbl5s",
            "timeouts": null,
            "version": "1"
          },
          "sensitive_attributes": [
            [
              {
                "type": "get_attr",
                "value": "secret_data"
              }
            ]
          ],
          "identity_schema_version": 0,
          "private": "eyJlMmJmYjczMC1lY2FhLTExZTYtOGY4OC0zNDM2M2JjN2M0YzAiOnsiY3JlYXRlIjoxMjAwMDAwMDAwMDAwLCJkZWxldGUiOjEyMDAwMDAwMDAwMDAsInVwZGF0ZSI6MTIwMDAwMDAwMDAwMH19",
          "dependencies": [
            "google_project_service.apis",
            "google_secret_manager_secret.discord_token"
          ]
        }
      ]
    },
    {
      "mode": "managed",
      "type": "google_service_account",
      "name": "deploy_sa",
      "provider": "provider[\"registry.terraform.io/hashicorp/google\"]",
      "instances": [
        {
          "schema_version": 0,
          "attributes": {
            "account_id": "orc-bot-deploy-sa",
            "create_ignore_already_exists": null,
            "description": "",
            "disabled": false,
            "display_name": "ORC Bot GitHub Actions Deploy SA",
            "email": "orc-bot-deploy-sa@orc-bot-490700.iam.gserviceaccount.com",
            "id": "projects/orc-bot-490700/serviceAccounts/orc-bot-deploy-sa@orc-bot-490700.iam.gserviceaccount.com",
            "member": "serviceAccount:orc-bot-deploy-sa@orc-bot-490700.iam.gserviceaccount.com",
            "name": "projects/orc-bot-490700/serviceAccounts/orc-bot-deploy-sa@orc-bot-490700.iam.gserviceaccount.com",
            "project": "orc-bot-490700",
            "timeouts": null,
            "unique_id": "108443361057383581260"
          },
          "sensitive_attributes": [],
          "identity_schema_version": 0,
          "private": "eyJlMmJmYjczMC1lY2FhLTExZTYtOGY4OC0zNDM2M2JjN2M0YzAiOnsiY3JlYXRlIjozMDAwMDAwMDAwMDB9fQ=="
        }
      ]
    },
    {
      "mode": "managed",
      "type": "google_service_account",
      "name": "orc_bot_sa",
      "provider": "provider[\"registry.terraform.io/hashicorp/google\"]",
      "instances": [
        {
          "schema_version": 0,
          "attributes": {
            "account_id": "orc-bot-sa",
            "create_ignore_already_exists": null,
            "description": "",
            "disabled": false,
            "display_name": "ORC Bot Service Account",
            "email": "orc-bot-sa@orc-bot-490700.iam.gserviceaccount.com",
            "id": "projects/orc-bot-490700/serviceAccounts/orc-bot-sa@orc-bot-490700.iam.gserviceaccount.com",
            "member": "serviceAccount:orc-bot-sa@orc-bot-490700.iam.gserviceaccount.com",
            "name": "projects/orc-bot-490700/serviceAccounts/orc-bot-sa@orc-bot-490700.iam.gserviceaccount.com",
            "project": "orc-bot-490700",
            "timeouts": null,
            "unique_id": "117622329402283774800"
          },
          "sensitive_attributes": [],
          "identity_schema_version": 0,
          "private": "eyJlMmJmYjczMC1lY2FhLTExZTYtOGY4OC0zNDM2M2JjN2M0YzAiOnsiY3JlYXRlIjozMDAwMDAwMDAwMDB9fQ==",
          "create_before_destroy": true
        }
      ]
    },
    {
      "mode": "managed",
      "type": "google_service_account_iam_member",
      "name": "wif_deploy_binding",
      "provider": "provider[\"registry.terraform.io/hashicorp/google\"]",
      "instances": [
        {
          "schema_version": 0,
          "attributes": {
            "condition": [],
            "etag": "BwZNXXuFlxg=",
            "id": "projects/orc-bot-490700/serviceAccounts/orc-bot-deploy-sa@orc-bot-490700.iam.gserviceaccount.com/roles/iam.workloadIdentityUser/principalSet://iam.googleapis.com/projects/648189541607/locations/global/workloadIdentityPools/orc-bot-github-pool/attribute.repository/C-Norton/Orc",
            "member": "principalSet://iam.googleapis.com/projects/648189541607/locations/global/workloadIdentityPools/orc-bot-github-pool/attribute.repository/C-Norton/Orc",
            "role": "roles/iam.workloadIdentityUser",
            "service_account_id": "projects/orc-bot-490700/serviceAccounts/orc-bot-deploy-sa@orc-bot-490700.iam.gserviceaccount.com"
          },
          "sensitive_attributes": [],
          "identity_schema_version": 0,
          "private": "bnVsbA==",
          "dependencies": [
            "google_iam_workload_identity_pool.github",
            "google_service_account.deploy_sa"
          ]
        }
      ]
    },
    {
      "mode": "managed",
      "type": "google_service_networking_connection",
      "name": "private_vpc_connection",
      "provider": "provider[\"registry.terraform.io/hashicorp/google\"]",
      "instances": [
        {
          "schema_version": 0,
          "attributes": {
            "deletion_policy": null,
            "id": "projects%2Forc-bot-490700%2Fglobal%2Fnetworks%2Forc-bot-vpc:servicenetworking.googleapis.com",
            "network": "projects/orc-bot-490700/global/networks/orc-bot-vpc",
            "peering": "servicenetworking-googleapis-com",
            "reserved_peering_ranges": [
              "orc-bot-private-services-range"
            ],
            "service": "servicenetworking.googleapis.com",
            "timeouts": null,
            "update_on_creation_fail": null
          },
          "sensitive_attributes": [],
          "identity_schema_version": 0,
          "private": "eyJlMmJmYjczMC1lY2FhLTExZTYtOGY4OC0zNDM2M2JjN2M0YzAiOnsiY3JlYXRlIjo2MDAwMDAwMDAwMDAsImRlbGV0ZSI6NjAwMDAwMDAwMDAwLCJ1cGRhdGUiOjYwMDAwMDAwMDAwMH19",
          "dependencies": [
            "google_compute_global_address.private_services_range",
            "google_compute_network.orc_vpc",
            "google_project_service.apis"
          ],
          "create_before_destroy": true
        }
      ]
    },
    {
      "mode": "managed",
      "type": "google_sql_database",
      "name": "orc_bot",
      "provider": "provider[\"registry.terraform.io/hashicorp/google\"]",
      "instances": [
        {
          "schema_version": 0,
          "attributes": {
            "charset": "UTF8",
            "collation": "en_US.UTF8",
            "deletion_policy": "DELETE",
            "id": "projects/orc-bot-490700/instances/orc-bot-db/databases/orc_bot",
            "instance": "orc-bot-db",
            "name": "orc_bot",
            "project": "orc-bot-490700",
            "self_link": "https://sqladmin.googleapis.com/sql/v1beta4/projects/orc-bot-490700/instances/orc-bot-db/databases/orc_bot",
            "timeouts": null
          },
          "sensitive_attributes": [],
          "identity_schema_version": 0,
          "private": "eyJlMmJmYjczMC1lY2FhLTExZTYtOGY4OC0zNDM2M2JjN2M0YzAiOnsiY3JlYXRlIjoxMjAwMDAwMDAwMDAwLCJkZWxldGUiOjEyMDAwMDAwMDAwMDAsInVwZGF0ZSI6MTIwMDAwMDAwMDAwMH19",
          "dependencies": [
            "google_compute_global_address.private_services_range",
            "google_compute_network.orc_vpc",
            "google_project_service.apis",
            "google_service_networking_connection.private_vpc_connection",
            "google_sql_database_instance.orc_bot_db"
          ]
        }
      ]
    },
    {
      "mode": "managed",
      "type": "google_sql_database_instance",
      "name": "orc_bot_db",
      "provider": "provider[\"registry.terraform.io/hashicorp/google\"]",
      "instances": [
        {
          "schema_version": 0,
          "attributes": {
            "available_maintenance_versions": [],
            "clone": [],
            "connection_name": "orc-bot-490700:us-east1:orc-bot-db",
            "database_version": "POSTGRES_15",
            "deletion_protection": true,
            "dns_name": "",
            "encryption_key_name": null,
            "first_ip_address": "10.44.0.3",
            "id": "orc-bot-db",
            "instance_type": "CLOUD_SQL_INSTANCE",
            "ip_address": [
              {
                "ip_address": "10.44.0.3",
                "time_to_retire": "",
                "type": "PRIVATE"
              }
            ],
            "maintenance_version": "POSTGRES_15_17.R20260108.01_20",
            "master_instance_name": "",
            "name": "orc-bot-db",
            "private_ip_address": "10.44.0.3",
            "project": "orc-bot-490700",
            "psc_service_attachment_link": "",
            "public_ip_address": "",
            "region": "us-east1",
            "replica_configuration": [],
            "restore_backup_context": [],
            "root_password": null,
            "self_link": "https://sqladmin.googleapis.com/sql/v1beta4/projects/orc-bot-490700/instances/orc-bot-db",
            "server_ca_cert": [
              {
                "cert": "-----BEGIN CERTIFICATE-----\nMIIDcTCCAlmgAwIBAgIBADANBgkqhkiG9w0BAQsFADBwMS0wKwYDVQQuEyQ1YTNi\nYTY3Mi1lMTQwLTQwOWQtODQ2Ni01NTI5YjgzODc0ZmQxHDAaBgNVBAMTE0Nsb3Vk\nIFNRTCBTZXJ2ZXIgQ0ExFDASBgNVBAoTC0dvb2dsZSwgSW5jMQswCQYDVQQGEwJV\nUzAeFw0yNjAzMTkwMTE5MjFaFw0zNjAzMTYwMTIwMjFaMHAxLTArBgNVBC4TJDVh\nM2JhNjcyLWUxNDAtNDA5ZC04NDY2LTU1MjliODM4NzRmZDEcMBoGA1UEAxMTQ2xv\ndWQgU1FMIFNlcnZlciBDQTEUMBIGA1UEChMLR29vZ2xlLCBJbmMxCzAJBgNVBAYT\nAlVTMIIBIjANBgkqhkiG9w0BAQEFAAOCAQ8AMIIBCgKCAQEArkPNkn1ibQpZWqbG\nkCjLQU9a80f07llxO1ZttdmkWDfHHOoBhZbtPc7PZzGnMv0bv632ZNfHgypkWB0B\nbCfXXwANrNHJYuEsmp0ncBvPqzN+0+AX3qappQCzCaIUPoIe8z7fNFQJWQKFZ22K\n8/ivomh52rLrE/l1VyTyh1J88Lyf55kM8v3XB5pICjCQ9rF8YhSzZNQ9HgA/hi0A\nSIIi0Z5DA3OhBI6MM4aNECaQ2bFQS990qNpzkEcgdHyz+Baz56/BL74QIb7iykdg\neGYA0h6GxFX07gsg7wxeZ77We1qaP4wi9tRH5E+D6tyeSZOZlpkOZmqUbGQ0e8C3\ny3hd6wIDAQABoxYwFDASBgNVHRMBAf8ECDAGAQH/AgEAMA0GCSqGSIb3DQEBCwUA\nA4IBAQAqYXJAW5/X+EOdcL9t4n2mNRGOv3wc3M9oYLBJ/NBEhBCW+xMVBDSYRP5I\n3k5rIzQE2rJWY4wze1iOKmjuvrYyoQKditY11LLhgXY2rQvL26zRFwhwyad4Y1vh\nULYXzP7Vc9mcwRZK/CsAgPVlv2S4biNF8qI9k1ZNZ7xApfmRm/6MJ2h+lJRjCvNb\nSPpMH2GE26NlMjhiumeejbgsHY3Ej/sgm1Tsva2dJOqkp76fLl8+cwm1hC4SxYpD\nJ5QIHevf3wKuOiWsxLoU8aDAMJfEIPpbDqH3ETqCtqOW9TVCoN4VjuHcjFSdWlkx\nrWN9cXLg+RxZSKGRcL/ytC+lYoIw\n-----END CERTIFICATE-----",
                "common_name": "C=US,O=Google\\, Inc,CN=Cloud SQL Server CA,dnQualifier=5a3ba672-e140-409d-8466-5529b83874fd",
                "create_time": "2026-03-19T01:19:21.872Z",
                "expiration_time": "2036-03-16T01:20:21.872Z",
                "sha1_fingerprint": "b899e9e09dd0aa6782e7ab7da73fa419adc1e789"
              }
            ],
            "service_account_email_address": "p648189541607-jub670@gcp-sa-cloud-sql.iam.gserviceaccount.com",
            "settings": [
              {
                "activation_policy": "ALWAYS",
                "active_directory_config": [],
                "advanced_machine_features": [],
                "availability_type": "ZONAL",
                "backup_configuration": [
                  {
                    "backup_retention_settings": [
                      {
                        "retained_backups": 7,
                        "retention_unit": "COUNT"
                      }
                    ],
                    "binary_log_enabled": false,
                    "enabled": true,
                    "location": "",
                    "point_in_time_recovery_enabled": true,
                    "start_time": "03:00",
                    "transaction_log_retention_days": 7
                  }
                ],
                "collation": "",
                "connector_enforcement": "NOT_REQUIRED",
                "data_cache_config": [],
                "database_flags": [
                  {
                    "name": "log_min_duration_statement",
                    "value": "-1"
                  }
                ],
                "deletion_protection_enabled": false,
                "deny_maintenance_period": [],
                "disk_autoresize": true,
                "disk_autoresize_limit": 0,
                "disk_size": 10,
                "disk_type": "PD_SSD",
                "edition": "ENTERPRISE",
                "enable_dataplex_integration": false,
                "enable_google_ml_integration": false,
                "insights_config": [
                  {
                    "query_insights_enabled": true,
                    "query_plans_per_minute": 0,
                    "query_string_length": 1024,
                    "record_application_tags": false,
                    "record_client_address": false
                  }
                ],
                "ip_configuration": [
                  {
                    "allocated_ip_range": "",
                    "authorized_networks": [],
                    "enable_private_path_for_google_cloud_services": false,
                    "ipv4_enabled": false,
                    "private_network": "projects/orc-bot-490700/global/networks/orc-bot-vpc",
                    "psc_config": [],
                    "require_ssl": false,
                    "server_ca_mode": "GOOGLE_MANAGED_INTERNAL_CA",
                    "ssl_mode": ""
                  }
                ],
                "location_preference": [
                  {
                    "follow_gae_application": "",
                    "secondary_zone": "",
                    "zone": "us-east1-c"
                  }
                ],
                "maintenance_window": [
                  {
                    "day": 7,
                    "hour": 4,
                    "update_track": "stable"
                  }
                ],
                "password_validation_policy": [],
                "pricing_plan": "PER_USE",
                "sql_server_audit_config": [],
                "tier": "db-f1-micro",
                "time_zone": "",
                "user_labels": {
                  "app": "orc-bot",
                  "env": "prod"
                },
                "version": 3
              }
            ],
            "timeouts": null
          },
          "sensitive_attributes": [
            [
              {
                "type": "get_attr",
                "value": "root_password"
              }
            ],
            [
              {
                "type": "get_attr",
                "value": "server_ca_cert"
              }
            ]
          ],
          "identity_schema_version": 0,
          "private": "eyJlMmJmYjczMC1lY2FhLTExZTYtOGY4OC0zNDM2M2JjN2M0YzAiOnsiY3JlYXRlIjo1NDAwMDAwMDAwMDAwLCJkZWxldGUiOjU0MDAwMDAwMDAwMDAsInVwZGF0ZSI6NTQwMDAwMDAwMDAwMH19",
          "dependencies": [
            "google_compute_global_address.private_services_range",
            "google_compute_network.orc_vpc",
            "google_project_service.apis",
            "google_service_networking_connection.private_vpc_connection"
          ],
          "create_before_destroy": true
        }
      ]
    },
    {
      "mode": "managed",
      "type": "google_sql_user",
      "name": "orc_bot",
      "provider": "provider[\"registry.terraform.io/hashicorp/google\"]",
      "instances": [
        {
          "schema_version": 1,
          "attributes": {
            "deletion_policy": null,
            "host": "",
            "id": "orc_bot//orc-bot-db",
            "instance": "orc-bot-db",
            "name": "orc_bot",
            "password": "ZhY}h\u00262GS65uZEiu?[?Zt(1re_\u003eElPGc",
            "password_policy": [],
            "project": "orc-bot-490700",
            "sql_server_user_details": [],
            "timeouts": null,
            "type": ""
          },
          "sensitive_attributes": [
            [
              {
                "type": "get_attr",
                "value": "password"
              }
            ]
          ],
          "identity_schema_version": 0,
          "private": "eyJlMmJmYjczMC1lY2FhLTExZTYtOGY4OC0zNDM2M2JjN2M0YzAiOnsiY3JlYXRlIjo2MDAwMDAwMDAwMDAsImRlbGV0ZSI6NjAwMDAwMDAwMDAwLCJ1cGRhdGUiOjYwMDAwMDAwMDAwMH0sInNjaGVtYV92ZXJzaW9uIjoiMSJ9",
          "dependencies": [
            "google_compute_global_address.private_services_range",
            "google_compute_network.orc_vpc",
            "google_project_service.apis",
            "google_service_networking_connection.private_vpc_connection",
            "google_sql_database_instance.orc_bot_db",
            "random_password.db_password"
          ]
        }
      ]
    },
    {
      "mode": "managed",
      "type": "random_password",
      "name": "db_password",
      "provider": "provider[\"registry.terraform.io/hashicorp/random\"]",
      "instances": [
        {
          "schema_version": 3,
          "attributes": {
            "bcrypt_hash": "$2a$10$EXYQ1M7gQiLyTNnYyExxJezj97f3duGfB1qb4xnUE8S0y0UORjWMW",
            "id": "none",
            "keepers": null,
            "length": 32,
            "lower": true,
            "min_lower": 0,
            "min_numeric": 0,
            "min_special": 0,
            "min_upper": 0,
            "number": true,
            "numeric": true,
            "override_special": "!#$%\u0026*()-_=+[]{}\u003c\u003e:?",
            "result": "ZhY}h\u00262GS65uZEiu?[?Zt(1re_\u003eElPGc",
            "special": true,
            "upper": true
          },
          "sensitive_attributes": [
            [
              {
                "type": "get_attr",
                "value": "bcrypt_hash"
              }
            ],
            [
              {
                "type": "get_attr",
                "value": "result"
              }
            ]
          ],
          "identity_schema_version": 0
        }
      ]
    }
  ],
  "check_results": null
}
